# Cloud browser acceptance only; Linux x86_64 / CPython 3.11.
playwright==1.63.0 \
    --hash=sha256:ad21bc07516b187965a7521c5cf0df0bd657b17482eaad74335272d35a2b07de
pyee==13.0.0 \
    --hash=sha256:48195a3cddb3b1515ce0695ed76036b5ccc2ef3a9f963ff9f77aec0139845498
greenlet==3.2.4 \
    --hash=sha256:0db5594dce18db94f7d1650d7489909b57afde4c580806b8d9203b6e79cdc079 \
    --hash=sha256:2523e5246274f54fdadbce8494458a2ebdcdbc7b802318466ac5606d3cded1f8
