// !$*UTF8*$!
{ archiveVersion = 1; classes = {}; objectVersion = 54; objects = { 1D6058900D05DD3D006BFB54 = { isa = PBXProject; attributes = { LastUpgradeCheck = 1540; ORGANIZATIONNAME = OmniDesk; }; compatibilityVersion = "Xcode 15.0"; developmentRegion = en; hasScannedForEncodings = 0; knownRegions = ( en, Base ); projectDirPath = ""; projectRoot = ""; targets = ( 1D6058910D05DD3D006BFB54 ); }; 1D6058910D05DD3D006BFB54 = { isa = PBXNativeTarget; name = Runner; productName = Runner; productType = "com.apple.product-type.application"; }; }; rootObject = 1D6058900D05DD3D006BFB54; }
